
Microsoft Visual Studio Solution File, Format Version 12.00
# Visual Studio Version 16
VisualStudioVersion = 16.0.29521.150
MinimumVisualStudioVersion = 10.0.40219.1
Project("{9A19103F-16F7-4668-BE54-9A1E7A4F7556}") = "TensorflowInstallationScript", "TensorflowInstallationScript\TensorflowInstallationScript.csproj", "{BA5C29BE-DAD0-4E46-9C72-30B27B9DC507}"
EndProject
Global
	GlobalSection(SolutionConfigurationPlatforms) = preSolution
		Debug|Any CPU = Debug|Any CPU
		Release|Any CPU = Release|Any CPU
	EndGlobalSection
	GlobalSection(ProjectConfigurationPlatforms) = postSolution
		{BA5C29BE-DAD0-4E46-9C72-30B27B9DC507}.Debug|Any CPU.ActiveCfg = Debug|Any CPU
		{BA5C29BE-DAD0-4E46-9C72-30B27B9DC507}.Debug|Any CPU.Build.0 = Debug|Any CPU
		{BA5C29BE-DAD0-4E46-9C72-30B27B9DC507}.Release|Any CPU.ActiveCfg = Release|Any CPU
		{BA5C29BE-DAD0-4E46-9C72-30B27B9DC507}.Release|Any CPU.Build.0 = Release|Any CPU
	EndGlobalSection
	GlobalSection(SolutionProperties) = preSolution
		HideSolutionNode = FALSE
	EndGlobalSection
	GlobalSection(ExtensibilityGlobals) = postSolution
		SolutionGuid = {42711742-40EE-456C-9B4D-C4000B752562}
	EndGlobalSection
EndGlobal
